
Microsoft Visual Studio Solution File, Format Version 12.00
# Visual Studio Version 16
VisualStudioVersion = 16.0.30611.23
MinimumVisualStudioVersion = 10.0.40219.1
Project("{FAE04EC0-301F-11D3-BF4B-00C04F79EFBC}") = "ProgramaCsharp001Visualstudio2019", "ProgramaCsharp001Visualstudio2019.csproj", "{B7158A97-3A97-43A7-92A2-991A6203DF9C}"
EndProject
Global
	GlobalSection(SolutionConfigurationPlatforms) = preSolution
		Debug|Any CPU = Debug|Any CPU
		Release|Any CPU = Release|Any CPU
	EndGlobalSection
	GlobalSection(ProjectConfigurationPlatforms) = postSolution
		{B7158A97-3A97-43A7-92A2-991A6203DF9C}.Debug|Any CPU.ActiveCfg = Debug|Any CPU
		{B7158A97-3A97-43A7-92A2-991A6203DF9C}.Debug|Any CPU.Build.0 = Debug|Any CPU
		{B7158A97-3A97-43A7-92A2-991A6203DF9C}.Release|Any CPU.ActiveCfg = Release|Any CPU
		{B7158A97-3A97-43A7-92A2-991A6203DF9C}.Release|Any CPU.Build.0 = Release|Any CPU
	EndGlobalSection
	GlobalSection(SolutionProperties) = preSolution
		HideSolutionNode = FALSE
	EndGlobalSection
	GlobalSection(ExtensibilityGlobals) = postSolution
		SolutionGuid = {56F8207A-E188-414D-A610-325141F35768}
	EndGlobalSection
EndGlobal
