
Microsoft Visual Studio Solution File, Format Version 12.00
# Visual Studio 15
VisualStudioVersion = 15.0.27703.2047
MinimumVisualStudioVersion = 10.0.40219.1
Project("{F184B08F-C81C-45F6-A57F-5ABD9991F28F}") = "prueba de programa consola", "prueba de programa consola\prueba de programa consola.vbproj", "{4F16D728-0D78-44F7-8431-20C82A75590A}"
EndProject
Global
	GlobalSection(SolutionConfigurationPlatforms) = preSolution
		Debug|Any CPU = Debug|Any CPU
		Release|Any CPU = Release|Any CPU
	EndGlobalSection
	GlobalSection(ProjectConfigurationPlatforms) = postSolution
		{4F16D728-0D78-44F7-8431-20C82A75590A}.Debug|Any CPU.ActiveCfg = Debug|Any CPU
		{4F16D728-0D78-44F7-8431-20C82A75590A}.Debug|Any CPU.Build.0 = Debug|Any CPU
		{4F16D728-0D78-44F7-8431-20C82A75590A}.Release|Any CPU.ActiveCfg = Release|Any CPU
		{4F16D728-0D78-44F7-8431-20C82A75590A}.Release|Any CPU.Build.0 = Release|Any CPU
	EndGlobalSection
	GlobalSection(SolutionProperties) = preSolution
		HideSolutionNode = FALSE
	EndGlobalSection
	GlobalSection(ExtensibilityGlobals) = postSolution
		SolutionGuid = {05E5AD16-41EA-4C67-8974-DE60969BFBE8}
	EndGlobalSection
EndGlobal
