
Microsoft Visual Studio Solution File, Format Version 12.00
# Visual Studio Version 16
VisualStudioVersion = 16.0.29215.179
MinimumVisualStudioVersion = 10.0.40219.1
Project("{F184B08F-C81C-45F6-A57F-5ABD9991F28F}") = "Numerosdivisiblediscoduroderoeer", "Numerosdivisiblediscoduroderoeer.vbproj", "{4F454EFE-2C6E-49E9-9A29-81B87FD1EBCC}"
EndProject
Global
	GlobalSection(SolutionConfigurationPlatforms) = preSolution
		Debug|Any CPU = Debug|Any CPU
		Release|Any CPU = Release|Any CPU
	EndGlobalSection
	GlobalSection(ProjectConfigurationPlatforms) = postSolution
		{4F454EFE-2C6E-49E9-9A29-81B87FD1EBCC}.Debug|Any CPU.ActiveCfg = Debug|Any CPU
		{4F454EFE-2C6E-49E9-9A29-81B87FD1EBCC}.Debug|Any CPU.Build.0 = Debug|Any CPU
		{4F454EFE-2C6E-49E9-9A29-81B87FD1EBCC}.Release|Any CPU.ActiveCfg = Release|Any CPU
		{4F454EFE-2C6E-49E9-9A29-81B87FD1EBCC}.Release|Any CPU.Build.0 = Release|Any CPU
	EndGlobalSection
	GlobalSection(SolutionProperties) = preSolution
		HideSolutionNode = FALSE
	EndGlobalSection
	GlobalSection(ExtensibilityGlobals) = postSolution
		SolutionGuid = {DAD19731-C6C2-4243-A8EF-CB90F5C03784}
	EndGlobalSection
EndGlobal
