
Microsoft Visual Studio Solution File, Format Version 12.00
# Visual Studio Version 16
VisualStudioVersion = 16.0.29209.62
MinimumVisualStudioVersion = 10.0.40219.1
Project("{F184B08F-C81C-45F6-A57F-5ABD9991F28F}") = "holapersonadiscoduroderoer", "holapersonadiscoduroderoer.vbproj", "{480D47A8-E53F-407B-801B-98DF9E3B730F}"
EndProject
Global
	GlobalSection(SolutionConfigurationPlatforms) = preSolution
		Debug|Any CPU = Debug|Any CPU
		Release|Any CPU = Release|Any CPU
	EndGlobalSection
	GlobalSection(ProjectConfigurationPlatforms) = postSolution
		{480D47A8-E53F-407B-801B-98DF9E3B730F}.Debug|Any CPU.ActiveCfg = Debug|Any CPU
		{480D47A8-E53F-407B-801B-98DF9E3B730F}.Debug|Any CPU.Build.0 = Debug|Any CPU
		{480D47A8-E53F-407B-801B-98DF9E3B730F}.Release|Any CPU.ActiveCfg = Release|Any CPU
		{480D47A8-E53F-407B-801B-98DF9E3B730F}.Release|Any CPU.Build.0 = Release|Any CPU
	EndGlobalSection
	GlobalSection(SolutionProperties) = preSolution
		HideSolutionNode = FALSE
	EndGlobalSection
	GlobalSection(ExtensibilityGlobals) = postSolution
		SolutionGuid = {79B8355A-BC0B-449E-A88F-66B30EADA446}
	EndGlobalSection
EndGlobal
