
Microsoft Visual Studio Solution File, Format Version 12.00
# Visual Studio 15
VisualStudioVersion = 15.0.28010.2019
MinimumVisualStudioVersion = 10.0.40219.1
Project("{00D1A9C2-B5F0-4AF3-8072-F6C62B433612}") = "Database1 prueba", "Database1 prueba\Database1 prueba.sqlproj", "{C4A0D491-A55D-4ADD-B1B0-00F184B6BF53}"
EndProject
Global
	GlobalSection(SolutionConfigurationPlatforms) = preSolution
		Debug|Any CPU = Debug|Any CPU
		Release|Any CPU = Release|Any CPU
	EndGlobalSection
	GlobalSection(ProjectConfigurationPlatforms) = postSolution
		{C4A0D491-A55D-4ADD-B1B0-00F184B6BF53}.Debug|Any CPU.ActiveCfg = Debug|Any CPU
		{C4A0D491-A55D-4ADD-B1B0-00F184B6BF53}.Debug|Any CPU.Build.0 = Debug|Any CPU
		{C4A0D491-A55D-4ADD-B1B0-00F184B6BF53}.Debug|Any CPU.Deploy.0 = Debug|Any CPU
		{C4A0D491-A55D-4ADD-B1B0-00F184B6BF53}.Release|Any CPU.ActiveCfg = Release|Any CPU
		{C4A0D491-A55D-4ADD-B1B0-00F184B6BF53}.Release|Any CPU.Build.0 = Release|Any CPU
		{C4A0D491-A55D-4ADD-B1B0-00F184B6BF53}.Release|Any CPU.Deploy.0 = Release|Any CPU
	EndGlobalSection
	GlobalSection(SolutionProperties) = preSolution
		HideSolutionNode = FALSE
	EndGlobalSection
	GlobalSection(ExtensibilityGlobals) = postSolution
		SolutionGuid = {97CE52D5-5753-46EF-85E4-96189E839165}
	EndGlobalSection
EndGlobal
