
Microsoft Visual Studio Solution File, Format Version 12.00
# Visual Studio Version 16
VisualStudioVersion = 16.0.30011.22
MinimumVisualStudioVersion = 10.0.40219.1
Project("{F184B08F-C81C-45F6-A57F-5ABD9991F28F}") = "Ejercicio2MavuelVisualbasic2019Jorge", "Ejercicio2MavuelVisualbasic2019Jorge.vbproj", "{164B8714-2984-4833-8014-50E9D71ECF29}"
EndProject
Global
	GlobalSection(SolutionConfigurationPlatforms) = preSolution
		Debug|Any CPU = Debug|Any CPU
		Release|Any CPU = Release|Any CPU
	EndGlobalSection
	GlobalSection(ProjectConfigurationPlatforms) = postSolution
		{164B8714-2984-4833-8014-50E9D71ECF29}.Debug|Any CPU.ActiveCfg = Debug|Any CPU
		{164B8714-2984-4833-8014-50E9D71ECF29}.Debug|Any CPU.Build.0 = Debug|Any CPU
		{164B8714-2984-4833-8014-50E9D71ECF29}.Release|Any CPU.ActiveCfg = Release|Any CPU
		{164B8714-2984-4833-8014-50E9D71ECF29}.Release|Any CPU.Build.0 = Release|Any CPU
	EndGlobalSection
	GlobalSection(SolutionProperties) = preSolution
		HideSolutionNode = FALSE
	EndGlobalSection
	GlobalSection(ExtensibilityGlobals) = postSolution
		SolutionGuid = {CFCC0DBE-6189-4CCB-B4A0-033A38172C78}
	EndGlobalSection
EndGlobal
